
Microsoft Visual Studio Solution File, Format Version 12.00
# Visual Studio Version 17
VisualStudioVersion = 17.14.36327.8 d17.14
MinimumVisualStudioVersion = 10.0.40219.1
Project("{FAE04EC0-301F-11D3-BF4B-00C04F79EFBC}") = "JwtRepeat", "JwtRepeat\JwtRepeat.csproj", "{30C1B9BF-7370-4C41-A593-C1B584409000}"
EndProject
Global
	GlobalSection(SolutionConfigurationPlatforms) = preSolution
		Debug|Any CPU = Debug|Any CPU
		Release|Any CPU = Release|Any CPU
	EndGlobalSection
	GlobalSection(ProjectConfigurationPlatforms) = postSolution
		{30C1B9BF-7370-4C41-A593-C1B584409000}.Debug|Any CPU.ActiveCfg = Debug|Any CPU
		{30C1B9BF-7370-4C41-A593-C1B584409000}.Debug|Any CPU.Build.0 = Debug|Any CPU
		{30C1B9BF-7370-4C41-A593-C1B584409000}.Release|Any CPU.ActiveCfg = Release|Any CPU
		{30C1B9BF-7370-4C41-A593-C1B584409000}.Release|Any CPU.Build.0 = Release|Any CPU
	EndGlobalSection
	GlobalSection(SolutionProperties) = preSolution
		HideSolutionNode = FALSE
	EndGlobalSection
	GlobalSection(ExtensibilityGlobals) = postSolution
		SolutionGuid = {8ED1F9F5-7362-4F84-AFC0-BB214F98554A}
	EndGlobalSection
EndGlobal
