
Microsoft Visual Studio Solution File, Format Version 12.00
# Visual Studio Version 17
VisualStudioVersion = 17.14.36310.24 d17.14
MinimumVisualStudioVersion = 10.0.40219.1
Project("{FAE04EC0-301F-11D3-BF4B-00C04F79EFBC}") = "EmployProject.models", "EmployProject.models\EmployProject.models.csproj", "{A8F46EB4-038C-4653-B18D-EE0D24D0CE02}"
EndProject
Project("{FAE04EC0-301F-11D3-BF4B-00C04F79EFBC}") = "EmployProject.Exceptions", "..\EmployProject.Exceptions\EmployProject.Exceptions.csproj", "{57EEFD48-982F-487D-B30B-3552A386E226}"
EndProject
Project("{FAE04EC0-301F-11D3-BF4B-00C04F79EFBC}") = "EmployProject.Dao", "..\EmployProject.Dao\EmployProject.Dao.csproj", "{43145600-ABFA-4DA6-9F5A-C23C550A5FDE}"
EndProject
Project("{FAE04EC0-301F-11D3-BF4B-00C04F79EFBC}") = "EmployProject.Bal", "..\EmployProject.Bal\EmployProject.Bal.csproj", "{EA3AAE5A-328E-4B36-8197-7846E5B40E9D}"
EndProject
Project("{FAE04EC0-301F-11D3-BF4B-00C04F79EFBC}") = "EmployProject.Main", "..\EmployProject.Main\EmployProject.Main.csproj", "{E3A77C73-069D-4D24-9FF6-A7076554E1C1}"
EndProject
Global
	GlobalSection(SolutionConfigurationPlatforms) = preSolution
		Debug|Any CPU = Debug|Any CPU
		Release|Any CPU = Release|Any CPU
	EndGlobalSection
	GlobalSection(ProjectConfigurationPlatforms) = postSolution
		{A8F46EB4-038C-4653-B18D-EE0D24D0CE02}.Debug|Any CPU.ActiveCfg = Debug|Any CPU
		{A8F46EB4-038C-4653-B18D-EE0D24D0CE02}.Debug|Any CPU.Build.0 = Debug|Any CPU
		{A8F46EB4-038C-4653-B18D-EE0D24D0CE02}.Release|Any CPU.ActiveCfg = Release|Any CPU
		{A8F46EB4-038C-4653-B18D-EE0D24D0CE02}.Release|Any CPU.Build.0 = Release|Any CPU
		{57EEFD48-982F-487D-B30B-3552A386E226}.Debug|Any CPU.ActiveCfg = Debug|Any CPU
		{57EEFD48-982F-487D-B30B-3552A386E226}.Debug|Any CPU.Build.0 = Debug|Any CPU
		{57EEFD48-982F-487D-B30B-3552A386E226}.Release|Any CPU.ActiveCfg = Release|Any CPU
		{57EEFD48-982F-487D-B30B-3552A386E226}.Release|Any CPU.Build.0 = Release|Any CPU
		{43145600-ABFA-4DA6-9F5A-C23C550A5FDE}.Debug|Any CPU.ActiveCfg = Debug|Any CPU
		{43145600-ABFA-4DA6-9F5A-C23C550A5FDE}.Debug|Any CPU.Build.0 = Debug|Any CPU
		{43145600-ABFA-4DA6-9F5A-C23C550A5FDE}.Release|Any CPU.ActiveCfg = Release|Any CPU
		{43145600-ABFA-4DA6-9F5A-C23C550A5FDE}.Release|Any CPU.Build.0 = Release|Any CPU
		{EA3AAE5A-328E-4B36-8197-7846E5B40E9D}.Debug|Any CPU.ActiveCfg = Debug|Any CPU
		{EA3AAE5A-328E-4B36-8197-7846E5B40E9D}.Debug|Any CPU.Build.0 = Debug|Any CPU
		{EA3AAE5A-328E-4B36-8197-7846E5B40E9D}.Release|Any CPU.ActiveCfg = Release|Any CPU
		{EA3AAE5A-328E-4B36-8197-7846E5B40E9D}.Release|Any CPU.Build.0 = Release|Any CPU
		{E3A77C73-069D-4D24-9FF6-A7076554E1C1}.Debug|Any CPU.ActiveCfg = Debug|Any CPU
		{E3A77C73-069D-4D24-9FF6-A7076554E1C1}.Debug|Any CPU.Build.0 = Debug|Any CPU
		{E3A77C73-069D-4D24-9FF6-A7076554E1C1}.Release|Any CPU.ActiveCfg = Release|Any CPU
		{E3A77C73-069D-4D24-9FF6-A7076554E1C1}.Release|Any CPU.Build.0 = Release|Any CPU
	EndGlobalSection
	GlobalSection(SolutionProperties) = preSolution
		HideSolutionNode = FALSE
	EndGlobalSection
	GlobalSection(ExtensibilityGlobals) = postSolution
		SolutionGuid = {CFF3D23B-73F3-418D-AC39-06D0C927CD7E}
	EndGlobalSection
EndGlobal
