
Microsoft Visual Studio Solution File, Format Version 12.00
# Visual Studio Version 17
VisualStudioVersion = 17.14.36310.24 d17.14
MinimumVisualStudioVersion = 10.0.40219.1
Project("{FAE04EC0-301F-11D3-BF4B-00C04F79EFBC}") = "ExtensionExp1", "ExtensionExp1\ExtensionExp1.csproj", "{2197A130-7FD4-4180-A986-404674A2589A}"
EndProject
Global
	GlobalSection(SolutionConfigurationPlatforms) = preSolution
		Debug|Any CPU = Debug|Any CPU
		Release|Any CPU = Release|Any CPU
	EndGlobalSection
	GlobalSection(ProjectConfigurationPlatforms) = postSolution
		{2197A130-7FD4-4180-A986-404674A2589A}.Debug|Any CPU.ActiveCfg = Debug|Any CPU
		{2197A130-7FD4-4180-A986-404674A2589A}.Debug|Any CPU.Build.0 = Debug|Any CPU
		{2197A130-7FD4-4180-A986-404674A2589A}.Release|Any CPU.ActiveCfg = Release|Any CPU
		{2197A130-7FD4-4180-A986-404674A2589A}.Release|Any CPU.Build.0 = Release|Any CPU
	EndGlobalSection
	GlobalSection(SolutionProperties) = preSolution
		HideSolutionNode = FALSE
	EndGlobalSection
	GlobalSection(ExtensibilityGlobals) = postSolution
		SolutionGuid = {197682BA-B549-42C4-BB24-AB78115CC39D}
	EndGlobalSection
EndGlobal
